
Microsoft Visual Studio Solution File, Format Version 12.00
# Visual Studio Version 16
VisualStudioVersion = 16.0.30804.86
MinimumVisualStudioVersion = 10.0.40219.1
Project("{FAE04EC0-301F-11D3-BF4B-00C04F79EFBC}") = "DrobnyZivnostnik.Android", "DrobnyZivnostnik\DrobnyZivnostnik.Android\DrobnyZivnostnik.Android.csproj", "{E1C34202-4801-4EE8-A38B-3F914FCE1015}"
EndProject
Project("{9A19103F-16F7-4668-BE54-9A1E7A4F7556}") = "DrobnyZivnostnik", "DrobnyZivnostnik\DrobnyZivnostnik\DrobnyZivnostnik.csproj", "{0661EAC0-73E0-4AAD-AE78-9B59DFCCB9E2}"
EndProject
Project("{9A19103F-16F7-4668-BE54-9A1E7A4F7556}") = "Domain", "Domain\Domain.csproj", "{97B6F05A-61DC-45FD-A7DB-50D1BD17E983}"
EndProject
Project("{9A19103F-16F7-4668-BE54-9A1E7A4F7556}") = "Persistence", "Persistence\Persistence.csproj", "{7F6709D2-EF99-43E9-BA77-848CFF218AEF}"
EndProject
Project("{2150E333-8FDC-42A3-9474-1A3956D46DE8}") = "Core", "Core", "{3D3A4FCB-5518-433B-8984-40F929F6B6F7}"
EndProject
Project("{2150E333-8FDC-42A3-9474-1A3956D46DE8}") = "Infrastructure", "Infrastructure", "{585568AF-6CF2-443E-8693-8DD4A58C2A51}"
EndProject
Project("{2150E333-8FDC-42A3-9474-1A3956D46DE8}") = "Presentation", "Presentation", "{CD0D613A-A9DE-4022-A7EC-C96430F9F8A4}"
EndProject
Project("{9A19103F-16F7-4668-BE54-9A1E7A4F7556}") = "AxiosAnnotations", "AxiosAnnotations\AxiosAnnotations.csproj", "{60A597FC-60A5-4220-A211-7C0D006A854C}"
EndProject
Project("{2150E333-8FDC-42A3-9474-1A3956D46DE8}") = "AxiosFramework", "AxiosFramework", "{80957CC9-8D89-4946-BBB1-FEDE6A4FD063}"
EndProject
Project("{9A19103F-16F7-4668-BE54-9A1E7A4F7556}") = "AxiosControls", "AxiosControls\AxiosControls.csproj", "{D204BE7D-2CEB-4DD5-9C84-D0E3655D9BD0}"
EndProject
Project("{9A19103F-16F7-4668-BE54-9A1E7A4F7556}") = "AxiosServices", "AxiosServices\AxiosServices.csproj", "{8105E564-AC86-4516-8880-3BA8F4173C7C}"
EndProject
Project("{9A19103F-16F7-4668-BE54-9A1E7A4F7556}") = "Axios", "Axios\Axios.csproj", "{80411C5E-8DB6-4A75-B12E-5CBE67819458}"
EndProject
Project("{9A19103F-16F7-4668-BE54-9A1E7A4F7556}") = "Application", "Application\Application.csproj", "{15D46A6D-9536-46C9-83E4-647D573F2CFE}"
EndProject
Project("{2150E333-8FDC-42A3-9474-1A3956D46DE8}") = "DeployScript", "DeployScript", "{89C10DDC-ED9A-425A-A5E6-5363F15A926B}"
	ProjectSection(SolutionItems) = preProject
		NugetPublish.bat = NugetPublish.bat
	EndProjectSection
EndProject
Global
	GlobalSection(SolutionConfigurationPlatforms) = preSolution
		Debug|Any CPU = Debug|Any CPU
		Release|Any CPU = Release|Any CPU
	EndGlobalSection
	GlobalSection(ProjectConfigurationPlatforms) = postSolution
		{E1C34202-4801-4EE8-A38B-3F914FCE1015}.Debug|Any CPU.ActiveCfg = Debug|Any CPU
		{E1C34202-4801-4EE8-A38B-3F914FCE1015}.Debug|Any CPU.Build.0 = Debug|Any CPU
		{E1C34202-4801-4EE8-A38B-3F914FCE1015}.Debug|Any CPU.Deploy.0 = Debug|Any CPU
		{E1C34202-4801-4EE8-A38B-3F914FCE1015}.Release|Any CPU.ActiveCfg = Release|Any CPU
		{E1C34202-4801-4EE8-A38B-3F914FCE1015}.Release|Any CPU.Build.0 = Release|Any CPU
		{E1C34202-4801-4EE8-A38B-3F914FCE1015}.Release|Any CPU.Deploy.0 = Release|Any CPU
		{0661EAC0-73E0-4AAD-AE78-9B59DFCCB9E2}.Debug|Any CPU.ActiveCfg = Debug|Any CPU
		{0661EAC0-73E0-4AAD-AE78-9B59DFCCB9E2}.Debug|Any CPU.Build.0 = Debug|Any CPU
		{0661EAC0-73E0-4AAD-AE78-9B59DFCCB9E2}.Release|Any CPU.ActiveCfg = Release|Any CPU
		{0661EAC0-73E0-4AAD-AE78-9B59DFCCB9E2}.Release|Any CPU.Build.0 = Release|Any CPU
		{97B6F05A-61DC-45FD-A7DB-50D1BD17E983}.Debug|Any CPU.ActiveCfg = Debug|Any CPU
		{97B6F05A-61DC-45FD-A7DB-50D1BD17E983}.Debug|Any CPU.Build.0 = Debug|Any CPU
		{97B6F05A-61DC-45FD-A7DB-50D1BD17E983}.Release|Any CPU.ActiveCfg = Release|Any CPU
		{97B6F05A-61DC-45FD-A7DB-50D1BD17E983}.Release|Any CPU.Build.0 = Release|Any CPU
		{7F6709D2-EF99-43E9-BA77-848CFF218AEF}.Debug|Any CPU.ActiveCfg = Debug|Any CPU
		{7F6709D2-EF99-43E9-BA77-848CFF218AEF}.Debug|Any CPU.Build.0 = Debug|Any CPU
		{7F6709D2-EF99-43E9-BA77-848CFF218AEF}.Release|Any CPU.ActiveCfg = Release|Any CPU
		{7F6709D2-EF99-43E9-BA77-848CFF218AEF}.Release|Any CPU.Build.0 = Release|Any CPU
		{60A597FC-60A5-4220-A211-7C0D006A854C}.Debug|Any CPU.ActiveCfg = Debug|Any CPU
		{60A597FC-60A5-4220-A211-7C0D006A854C}.Debug|Any CPU.Build.0 = Debug|Any CPU
		{60A597FC-60A5-4220-A211-7C0D006A854C}.Release|Any CPU.ActiveCfg = Release|Any CPU
		{60A597FC-60A5-4220-A211-7C0D006A854C}.Release|Any CPU.Build.0 = Release|Any CPU
		{D204BE7D-2CEB-4DD5-9C84-D0E3655D9BD0}.Debug|Any CPU.ActiveCfg = Debug|Any CPU
		{D204BE7D-2CEB-4DD5-9C84-D0E3655D9BD0}.Debug|Any CPU.Build.0 = Debug|Any CPU
		{D204BE7D-2CEB-4DD5-9C84-D0E3655D9BD0}.Release|Any CPU.ActiveCfg = Release|Any CPU
		{D204BE7D-2CEB-4DD5-9C84-D0E3655D9BD0}.Release|Any CPU.Build.0 = Release|Any CPU
		{8105E564-AC86-4516-8880-3BA8F4173C7C}.Debug|Any CPU.ActiveCfg = Debug|Any CPU
		{8105E564-AC86-4516-8880-3BA8F4173C7C}.Debug|Any CPU.Build.0 = Debug|Any CPU
		{8105E564-AC86-4516-8880-3BA8F4173C7C}.Release|Any CPU.ActiveCfg = Release|Any CPU
		{8105E564-AC86-4516-8880-3BA8F4173C7C}.Release|Any CPU.Build.0 = Release|Any CPU
		{80411C5E-8DB6-4A75-B12E-5CBE67819458}.Debug|Any CPU.ActiveCfg = Debug|Any CPU
		{80411C5E-8DB6-4A75-B12E-5CBE67819458}.Debug|Any CPU.Build.0 = Debug|Any CPU
		{80411C5E-8DB6-4A75-B12E-5CBE67819458}.Release|Any CPU.ActiveCfg = Release|Any CPU
		{80411C5E-8DB6-4A75-B12E-5CBE67819458}.Release|Any CPU.Build.0 = Release|Any CPU
		{15D46A6D-9536-46C9-83E4-647D573F2CFE}.Debug|Any CPU.ActiveCfg = Debug|Any CPU
		{15D46A6D-9536-46C9-83E4-647D573F2CFE}.Debug|Any CPU.Build.0 = Debug|Any CPU
		{15D46A6D-9536-46C9-83E4-647D573F2CFE}.Release|Any CPU.ActiveCfg = Release|Any CPU
		{15D46A6D-9536-46C9-83E4-647D573F2CFE}.Release|Any CPU.Build.0 = Release|Any CPU
	EndGlobalSection
	GlobalSection(SolutionProperties) = preSolution
		HideSolutionNode = FALSE
	EndGlobalSection
	GlobalSection(NestedProjects) = preSolution
		{E1C34202-4801-4EE8-A38B-3F914FCE1015} = {CD0D613A-A9DE-4022-A7EC-C96430F9F8A4}
		{0661EAC0-73E0-4AAD-AE78-9B59DFCCB9E2} = {CD0D613A-A9DE-4022-A7EC-C96430F9F8A4}
		{97B6F05A-61DC-45FD-A7DB-50D1BD17E983} = {3D3A4FCB-5518-433B-8984-40F929F6B6F7}
		{7F6709D2-EF99-43E9-BA77-848CFF218AEF} = {585568AF-6CF2-443E-8693-8DD4A58C2A51}
		{60A597FC-60A5-4220-A211-7C0D006A854C} = {80957CC9-8D89-4946-BBB1-FEDE6A4FD063}
		{D204BE7D-2CEB-4DD5-9C84-D0E3655D9BD0} = {80957CC9-8D89-4946-BBB1-FEDE6A4FD063}
		{8105E564-AC86-4516-8880-3BA8F4173C7C} = {80957CC9-8D89-4946-BBB1-FEDE6A4FD063}
		{80411C5E-8DB6-4A75-B12E-5CBE67819458} = {80957CC9-8D89-4946-BBB1-FEDE6A4FD063}
		{15D46A6D-9536-46C9-83E4-647D573F2CFE} = {3D3A4FCB-5518-433B-8984-40F929F6B6F7}
		{89C10DDC-ED9A-425A-A5E6-5363F15A926B} = {80957CC9-8D89-4946-BBB1-FEDE6A4FD063}
	EndGlobalSection
	GlobalSection(ExtensibilityGlobals) = postSolution
		SolutionGuid = {B69B5952-4672-41D0-92DC-FF90651BF92D}
	EndGlobalSection
EndGlobal
